
Microsoft Visual Studio Solution File, Format Version 12.00
# Visual Studio Version 17
VisualStudioVersion = 17.6.33712.159
MinimumVisualStudioVersion = 10.0.40219.1
Project("{FAE04EC0-301F-11D3-BF4B-00C04F79EFBC}") = "Auth", "Auth.csproj", "{574629FC-06D7-41D2-8A1E-FD9FFC8E44EB}"
EndProject
Global
	GlobalSection(SolutionConfigurationPlatforms) = preSolution
		Debug|Any CPU = Debug|Any CPU
		Release|Any CPU = Release|Any CPU
	EndGlobalSection
	GlobalSection(ProjectConfigurationPlatforms) = postSolution
		{574629FC-06D7-41D2-8A1E-FD9FFC8E44EB}.Debug|Any CPU.ActiveCfg = Debug|Any CPU
		{574629FC-06D7-41D2-8A1E-FD9FFC8E44EB}.Debug|Any CPU.Build.0 = Debug|Any CPU
		{574629FC-06D7-41D2-8A1E-FD9FFC8E44EB}.Release|Any CPU.ActiveCfg = Release|Any CPU
		{574629FC-06D7-41D2-8A1E-FD9FFC8E44EB}.Release|Any CPU.Build.0 = Release|Any CPU
	EndGlobalSection
	GlobalSection(SolutionProperties) = preSolution
		HideSolutionNode = FALSE
	EndGlobalSection
	GlobalSection(ExtensibilityGlobals) = postSolution
		SolutionGuid = {79F3892F-647E-48DC-B905-3D04EF8E59F7}
	EndGlobalSection
EndGlobal
